
Microsoft Visual Studio Solution File, Format Version 12.00
# Visual Studio Version 16
VisualStudioVersion = 16.0.30011.22
MinimumVisualStudioVersion = 10.0.40219.1
Project("{FAE04EC0-301F-11D3-BF4B-00C04F79EFBC}") = "BeeMindMap_UI", "BeeMindMap_UI\BeeMindMap_UI.csproj", "{77D5EBED-E2F2-4A55-BEBD-CC7E3A422CE2}"
EndProject
Global
	GlobalSection(SolutionConfigurationPlatforms) = preSolution
		Debug|Any CPU = Debug|Any CPU
		Release|Any CPU = Release|Any CPU
	EndGlobalSection
	GlobalSection(ProjectConfigurationPlatforms) = postSolution
		{77D5EBED-E2F2-4A55-BEBD-CC7E3A422CE2}.Debug|Any CPU.ActiveCfg = Debug|Any CPU
		{77D5EBED-E2F2-4A55-BEBD-CC7E3A422CE2}.Debug|Any CPU.Build.0 = Debug|Any CPU
		{77D5EBED-E2F2-4A55-BEBD-CC7E3A422CE2}.Release|Any CPU.ActiveCfg = Release|Any CPU
		{77D5EBED-E2F2-4A55-BEBD-CC7E3A422CE2}.Release|Any CPU.Build.0 = Release|Any CPU
	EndGlobalSection
	GlobalSection(SolutionProperties) = preSolution
		HideSolutionNode = FALSE
	EndGlobalSection
	GlobalSection(ExtensibilityGlobals) = postSolution
		SolutionGuid = {9B1073A0-3C01-48A1-A713-4FB3C56AF780}
	EndGlobalSection
EndGlobal
